// !$*UTF8*$!
{
	archiveVersion = 1;
	classes = {
	};
	objectVersion = 46;
	objects = {

/* Begin PBXBuildFile section */
		730AD12E175FE2A500E17FB5 /* UIKit.framework in Frameworks */ = {isa = PBXBuildFile; fileRef = 730AD12D175FE2A500E17FB5 /* UIKit.framework */; };
		730AD130175FE2A500E17FB5 /* Foundation.framework in Frameworks */ = {isa = PBXBuildFile; fileRef = 730AD12F175FE2A500E17FB5 /* Foundation.framework */; };
		730AD132175FE2A500E17FB5 /* CoreGraphics.framework in Frameworks */ = {isa = PBXBuildFile; fileRef = 730AD131175FE2A500E17FB5 /* CoreGraphics.framework */; };
		730AD138175FE2A500E17FB5 /* InfoPlist.strings in Resources */ = {isa = PBXBuildFile; fileRef = 730AD136175FE2A500E17FB5 /* InfoPlist.strings */; };
		730AD13A175FE2A500E17FB5 /* main.m in Sources */ = {isa = PBXBuildFile; fileRef = 730AD139175FE2A500E17FB5 /* main.m */; };
		730AD13E175FE2A500E17FB5 /* AppDelegate.m in Sources */ = {isa = PBXBuildFile; fileRef = 730AD13D175FE2A500E17FB5 /* AppDelegate.m */; };
		730AD140175FE2A500E17FB5 /* Default.png in Resources */ = {isa = PBXBuildFile; fileRef = 730AD13F175FE2A500E17FB5 /* Default.png */; };
		730AD142175FE2A500E17FB5 /* Default@2x.png in Resources */ = {isa = PBXBuildFile; fileRef = 730AD141175FE2A500E17FB5 /* Default@2x.png */; };
		730AD144175FE2A500E17FB5 /* Default-568h@2x.png in Resources */ = {isa = PBXBuildFile; fileRef = 730AD143175FE2A500E17FB5 /* Default-568h@2x.png */; };
		730AD147175FE2A500E17FB5 /* MainStoryboard.storyboard in Resources */ = {isa = PBXBuildFile; fileRef = 730AD145175FE2A500E17FB5 /* MainStoryboard.storyboard */; };
		730AD14A175FE2A500E17FB5 /* ViewController.m in Sources */ = {isa = PBXBuildFile; fileRef = 730AD149175FE2A500E17FB5 /* ViewController.m */; };
		730AD1BA175FE42100E17FB5 /* QuartzCore.framework in Frameworks */ = {isa = PBXBuildFile; fileRef = 730AD1B9175FE42100E17FB5 /* QuartzCore.framework */; };
		730AD1DB175FED7B00E17FB5 /* bubbleMine.png in Resources */ = {isa = PBXBuildFile; fileRef = 730AD1C7175FED7B00E17FB5 /* bubbleMine.png */; };
		730AD1DC175FED7B00E17FB5 /* bubbleMine@2x.png in Resources */ = {isa = PBXBuildFile; fileRef = 730AD1C8175FED7B00E17FB5 /* bubbleMine@2x.png */; };
		730AD1DD175FED7B00E17FB5 /* bubbleSomeone.png in Resources */ = {isa = PBXBuildFile; fileRef = 730AD1C9175FED7B00E17FB5 /* bubbleSomeone.png */; };
		730AD1DE175FED7B00E17FB5 /* bubbleSomeone@2x.png in Resources */ = {isa = PBXBuildFile; fileRef = 730AD1CA175FED7B00E17FB5 /* bubbleSomeone@2x.png */; };
		730AD1E7175FED7B00E17FB5 /* typingMine.png in Resources */ = {isa = PBXBuildFile; fileRef = 730AD1D6175FED7B00E17FB5 /* typingMine.png */; };
		730AD1E8175FED7B00E17FB5 /* typingMine@2x.png in Resources */ = {isa = PBXBuildFile; fileRef = 730AD1D7175FED7B00E17FB5 /* typingMine@2x.png */; };
		730AD1E9175FED7B00E17FB5 /* typingSomeone.png in Resources */ = {isa = PBXBuildFile; fileRef = 730AD1D8175FED7B00E17FB5 /* typingSomeone.png */; };
		730AD1EA175FED7B00E17FB5 /* typingSomeone@2x.png in Resources */ = {isa = PBXBuildFile; fileRef = 730AD1D9175FED7B00E17FB5 /* typingSomeone@2x.png */; };
		730AD1EB175FED7B00E17FB5 /* libLiveMobileSDK.a in Frameworks */ = {isa = PBXBuildFile; fileRef = 730AD1DA175FED7B00E17FB5 /* libLiveMobileSDK.a */; };
/* End PBXBuildFile section */

/* Begin PBXFileReference section */
		730AD12A175FE2A500E17FB5 /* LiveMobileSDK_TestClient.app */ = {isa = PBXFileReference; explicitFileType = wrapper.application; includeInIndex = 0; path = LiveMobileSDK_TestClient.app; sourceTree = BUILT_PRODUCTS_DIR; };
		730AD12D175FE2A500E17FB5 /* UIKit.framework */ = {isa = PBXFileReference; lastKnownFileType = wrapper.framework; name = UIKit.framework; path = System/Library/Frameworks/UIKit.framework; sourceTree = SDKROOT; };
		730AD12F175FE2A500E17FB5 /* Foundation.framework */ = {isa = PBXFileReference; lastKnownFileType = wrapper.framework; name = Foundation.framework; path = System/Library/Frameworks/Foundation.framework; sourceTree = SDKROOT; };
		730AD131175FE2A500E17FB5 /* CoreGraphics.framework */ = {isa = PBXFileReference; lastKnownFileType = wrapper.framework; name = CoreGraphics.framework; path = System/Library/Frameworks/CoreGraphics.framework; sourceTree = SDKROOT; };
		730AD135175FE2A500E17FB5 /* LiveMobileSDK_TestClient-Info.plist */ = {isa = PBXFileReference; lastKnownFileType = text.plist.xml; path = "LiveMobileSDK_TestClient-Info.plist"; sourceTree = "<group>"; };
		730AD137175FE2A500E17FB5 /* en */ = {isa = PBXFileReference; lastKnownFileType = text.plist.strings; name = en; path = en.lproj/InfoPlist.strings; sourceTree = "<group>"; };
		730AD139175FE2A500E17FB5 /* main.m */ = {isa = PBXFileReference; lastKnownFileType = sourcecode.c.objc; path = main.m; sourceTree = "<group>"; };
		730AD13B175FE2A500E17FB5 /* LiveMobileSDK_TestClient-Prefix.pch */ = {isa = PBXFileReference; lastKnownFileType = sourcecode.c.h; path = "LiveMobileSDK_TestClient-Prefix.pch"; sourceTree = "<group>"; };
		730AD13C175FE2A500E17FB5 /* AppDelegate.h */ = {isa = PBXFileReference; lastKnownFileType = sourcecode.c.h; path = AppDelegate.h; sourceTree = "<group>"; };
		730AD13D175FE2A500E17FB5 /* AppDelegate.m */ = {isa = PBXFileReference; lastKnownFileType = sourcecode.c.objc; path = AppDelegate.m; sourceTree = "<group>"; };
		730AD13F175FE2A500E17FB5 /* Default.png */ = {isa = PBXFileReference; lastKnownFileType = image.png; path = Default.png; sourceTree = "<group>"; };
		730AD141175FE2A500E17FB5 /* Default@2x.png */ = {isa = PBXFileReference; lastKnownFileType = image.png; path = "Default@2x.png"; sourceTree = "<group>"; };
		730AD143175FE2A500E17FB5 /* Default-568h@2x.png */ = {isa = PBXFileReference; lastKnownFileType = image.png; path = "Default-568h@2x.png"; sourceTree = "<group>"; };
		730AD146175FE2A500E17FB5 /* en */ = {isa = PBXFileReference; lastKnownFileType = file.storyboard; name = en; path = en.lproj/MainStoryboard.storyboard; sourceTree = "<group>"; };
		730AD148175FE2A500E17FB5 /* ViewController.h */ = {isa = PBXFileReference; lastKnownFileType = sourcecode.c.h; path = ViewController.h; sourceTree = "<group>"; };
		730AD149175FE2A500E17FB5 /* ViewController.m */ = {isa = PBXFileReference; lastKnownFileType = sourcecode.c.objc; path = ViewController.m; sourceTree = "<group>"; };
		730AD1B9175FE42100E17FB5 /* QuartzCore.framework */ = {isa = PBXFileReference; lastKnownFileType = wrapper.framework; name = QuartzCore.framework; path = System/Library/Frameworks/QuartzCore.framework; sourceTree = SDKROOT; };
		730AD1C7175FED7B00E17FB5 /* bubbleMine.png */ = {isa = PBXFileReference; lastKnownFileType = image.png; path = bubbleMine.png; sourceTree = "<group>"; };
		730AD1C8175FED7B00E17FB5 /* bubbleMine@2x.png */ = {isa = PBXFileReference; lastKnownFileType = image.png; path = "bubbleMine@2x.png"; sourceTree = "<group>"; };
		730AD1C9175FED7B00E17FB5 /* bubbleSomeone.png */ = {isa = PBXFileReference; lastKnownFileType = image.png; path = bubbleSomeone.png; sourceTree = "<group>"; };
		730AD1CA175FED7B00E17FB5 /* bubbleSomeone@2x.png */ = {isa = PBXFileReference; lastKnownFileType = image.png; path = "bubbleSomeone@2x.png"; sourceTree = "<group>"; };
		730AD1D5175FED7B00E17FB5 /* LiveMobileSDK.h */ = {isa = PBXFileReference; fileEncoding = 4; lastKnownFileType = sourcecode.c.h; path = LiveMobileSDK.h; sourceTree = "<group>"; };
		730AD1D6175FED7B00E17FB5 /* typingMine.png */ = {isa = PBXFileReference; lastKnownFileType = image.png; path = typingMine.png; sourceTree = "<group>"; };
		730AD1D7175FED7B00E17FB5 /* typingMine@2x.png */ = {isa = PBXFileReference; lastKnownFileType = image.png; path = "typingMine@2x.png"; sourceTree = "<group>"; };
		730AD1D8175FED7B00E17FB5 /* typingSomeone.png */ = {isa = PBXFileReference; lastKnownFileType = image.png; path = typingSomeone.png; sourceTree = "<group>"; };
		730AD1D9175FED7B00E17FB5 /* typingSomeone@2x.png */ = {isa = PBXFileReference; lastKnownFileType = image.png; path = "typingSomeone@2x.png"; sourceTree = "<group>"; };
		730AD1DA175FED7B00E17FB5 /* libLiveMobileSDK.a */ = {isa = PBXFileReference; lastKnownFileType = archive.ar; path = libLiveMobileSDK.a; sourceTree = "<group>"; };
/* End PBXFileReference section */

/* Begin PBXFrameworksBuildPhase section */
		730AD127175FE2A500E17FB5 /* Frameworks */ = {
			isa = PBXFrameworksBuildPhase;
			buildActionMask = 2147483647;
			files = (
				730AD1BA175FE42100E17FB5 /* QuartzCore.framework in Frameworks */,
				730AD12E175FE2A500E17FB5 /* UIKit.framework in Frameworks */,
				730AD130175FE2A500E17FB5 /* Foundation.framework in Frameworks */,
				730AD132175FE2A500E17FB5 /* CoreGraphics.framework in Frameworks */,
				730AD1EB175FED7B00E17FB5 /* libLiveMobileSDK.a in Frameworks */,
			);
			runOnlyForDeploymentPostprocessing = 0;
		};
/* End PBXFrameworksBuildPhase section */

/* Begin PBXGroup section */
		730AD121175FE2A500E17FB5 = {
			isa = PBXGroup;
			children = (
				730AD1C5175FED7B00E17FB5 /* LiveMobileSDK */,
				730AD1B9175FE42100E17FB5 /* QuartzCore.framework */,
				730AD133175FE2A500E17FB5 /* LiveMobileSDK_TestClient */,
				730AD12C175FE2A500E17FB5 /* Frameworks */,
				730AD12B175FE2A500E17FB5 /* Products */,
			);
			sourceTree = "<group>";
		};
		730AD12B175FE2A500E17FB5 /* Products */ = {
			isa = PBXGroup;
			children = (
				730AD12A175FE2A500E17FB5 /* LiveMobileSDK_TestClient.app */,
			);
			name = Products;
			sourceTree = "<group>";
		};
		730AD12C175FE2A500E17FB5 /* Frameworks */ = {
			isa = PBXGroup;
			children = (
				730AD12D175FE2A500E17FB5 /* UIKit.framework */,
				730AD12F175FE2A500E17FB5 /* Foundation.framework */,
				730AD131175FE2A500E17FB5 /* CoreGraphics.framework */,
			);
			name = Frameworks;
			sourceTree = "<group>";
		};
		730AD133175FE2A500E17FB5 /* LiveMobileSDK_TestClient */ = {
			isa = PBXGroup;
			children = (
				730AD13C175FE2A500E17FB5 /* AppDelegate.h */,
				730AD13D175FE2A500E17FB5 /* AppDelegate.m */,
				730AD145175FE2A500E17FB5 /* MainStoryboard.storyboard */,
				730AD148175FE2A500E17FB5 /* ViewController.h */,
				730AD149175FE2A500E17FB5 /* ViewController.m */,
				730AD134175FE2A500E17FB5 /* Supporting Files */,
			);
			path = LiveMobileSDK_TestClient;
			sourceTree = "<group>";
		};
		730AD134175FE2A500E17FB5 /* Supporting Files */ = {
			isa = PBXGroup;
			children = (
				730AD135175FE2A500E17FB5 /* LiveMobileSDK_TestClient-Info.plist */,
				730AD136175FE2A500E17FB5 /* InfoPlist.strings */,
				730AD139175FE2A500E17FB5 /* main.m */,
				730AD13B175FE2A500E17FB5 /* LiveMobileSDK_TestClient-Prefix.pch */,
				730AD13F175FE2A500E17FB5 /* Default.png */,
				730AD141175FE2A500E17FB5 /* Default@2x.png */,
				730AD143175FE2A500E17FB5 /* Default-568h@2x.png */,
			);
			name = "Supporting Files";
			sourceTree = "<group>";
		};
		730AD1C5175FED7B00E17FB5 /* LiveMobileSDK */ = {
			isa = PBXGroup;
			children = (
				730AD1C6175FED7B00E17FB5 /* include */,
				730AD1DA175FED7B00E17FB5 /* libLiveMobileSDK.a */,
			);
			name = LiveMobileSDK;
			path = ../../Xcode/LiveMobileSDK_TestClient/LiveMobileSDK;
			sourceTree = "<group>";
		};
		730AD1C6175FED7B00E17FB5 /* include */ = {
			isa = PBXGroup;
			children = (
				730AD1C7175FED7B00E17FB5 /* bubbleMine.png */,
				730AD1C8175FED7B00E17FB5 /* bubbleMine@2x.png */,
				730AD1C9175FED7B00E17FB5 /* bubbleSomeone.png */,
				730AD1CA175FED7B00E17FB5 /* bubbleSomeone@2x.png */,
				730AD1D5175FED7B00E17FB5 /* LiveMobileSDK.h */,
				730AD1D6175FED7B00E17FB5 /* typingMine.png */,
				730AD1D7175FED7B00E17FB5 /* typingMine@2x.png */,
				730AD1D8175FED7B00E17FB5 /* typingSomeone.png */,
				730AD1D9175FED7B00E17FB5 /* typingSomeone@2x.png */,
			);
			path = include;
			sourceTree = "<group>";
		};
/* End PBXGroup section */

/* Begin PBXNativeTarget section */
		730AD129175FE2A500E17FB5 /* LiveMobileSDK_TestClient */ = {
			isa = PBXNativeTarget;
			buildConfigurationList = 730AD14D175FE2A500E17FB5 /* Build configuration list for PBXNativeTarget "LiveMobileSDK_TestClient" */;
			buildPhases = (
				730AD126175FE2A500E17FB5 /* Sources */,
				730AD127175FE2A500E17FB5 /* Frameworks */,
				730AD128175FE2A500E17FB5 /* Resources */,
			);
			buildRules = (
			);
			dependencies = (
			);
			name = LiveMobileSDK_TestClient;
			productName = LiveMobileSDK_TestClient;
			productReference = 730AD12A175FE2A500E17FB5 /* LiveMobileSDK_TestClient.app */;
			productType = "com.apple.product-type.application";
		};
/* End PBXNativeTarget section */

/* Begin PBXProject section */
		730AD122175FE2A500E17FB5 /* Project object */ = {
			isa = PBXProject;
			attributes = {
				LastUpgradeCheck = 0460;
				ORGANIZATIONNAME = "Soroush Pour";
			};
			buildConfigurationList = 730AD125175FE2A500E17FB5 /* Build configuration list for PBXProject "LiveMobileSDK_TestClient" */;
			compatibilityVersion = "Xcode 3.2";
			developmentRegion = English;
			hasScannedForEncodings = 0;
			knownRegions = (
				en,
			);
			mainGroup = 730AD121175FE2A500E17FB5;
			productRefGroup = 730AD12B175FE2A500E17FB5 /* Products */;
			projectDirPath = "";
			projectRoot = "";
			targets = (
				730AD129175FE2A500E17FB5 /* LiveMobileSDK_TestClient */,
			);
		};
/* End PBXProject section */

/* Begin PBXResourcesBuildPhase section */
		730AD128175FE2A500E17FB5 /* Resources */ = {
			isa = PBXResourcesBuildPhase;
			buildActionMask = 2147483647;
			files = (
				730AD138175FE2A500E17FB5 /* InfoPlist.strings in Resources */,
				730AD140175FE2A500E17FB5 /* Default.png in Resources */,
				730AD142175FE2A500E17FB5 /* Default@2x.png in Resources */,
				730AD144175FE2A500E17FB5 /* Default-568h@2x.png in Resources */,
				730AD147175FE2A500E17FB5 /* MainStoryboard.storyboard in Resources */,
				730AD1DB175FED7B00E17FB5 /* bubbleMine.png in Resources */,
				730AD1DC175FED7B00E17FB5 /* bubbleMine@2x.png in Resources */,
				730AD1DD175FED7B00E17FB5 /* bubbleSomeone.png in Resources */,
				730AD1DE175FED7B00E17FB5 /* bubbleSomeone@2x.png in Resources */,
				730AD1E7175FED7B00E17FB5 /* typingMine.png in Resources */,
				730AD1E8175FED7B00E17FB5 /* typingMine@2x.png in Resources */,
				730AD1E9175FED7B00E17FB5 /* typingSomeone.png in Resources */,
				730AD1EA175FED7B00E17FB5 /* typingSomeone@2x.png in Resources */,
			);
			runOnlyForDeploymentPostprocessing = 0;
		};
/* End PBXResourcesBuildPhase section */

/* Begin PBXSourcesBuildPhase section */
		730AD126175FE2A500E17FB5 /* Sources */ = {
			isa = PBXSourcesBuildPhase;
			buildActionMask = 2147483647;
			files = (
				730AD13A175FE2A500E17FB5 /* main.m in Sources */,
				730AD13E175FE2A500E17FB5 /* AppDelegate.m in Sources */,
				730AD14A175FE2A500E17FB5 /* ViewController.m in Sources */,
			);
			runOnlyForDeploymentPostprocessing = 0;
		};
/* End PBXSourcesBuildPhase section */

/* Begin PBXVariantGroup section */
		730AD136175FE2A500E17FB5 /* InfoPlist.strings */ = {
			isa = PBXVariantGroup;
			children = (
				730AD137175FE2A500E17FB5 /* en */,
			);
			name = InfoPlist.strings;
			sourceTree = "<group>";
		};
		730AD145175FE2A500E17FB5 /* MainStoryboard.storyboard */ = {
			isa = PBXVariantGroup;
			children = (
				730AD146175FE2A500E17FB5 /* en */,
			);
			name = MainStoryboard.storyboard;
			sourceTree = "<group>";
		};
/* End PBXVariantGroup section */

/* Begin XCBuildConfiguration section */
		730AD14B175FE2A500E17FB5 /* Debug */ = {
			isa = XCBuildConfiguration;
			buildSettings = {
				ALWAYS_SEARCH_USER_PATHS = NO;
				CLANG_CXX_LANGUAGE_STANDARD = "gnu++0x";
				CLANG_CXX_LIBRARY = "libc++";
				CLANG_ENABLE_OBJC_ARC = YES;
				CLANG_WARN_CONSTANT_CONVERSION = YES;
				CLANG_WARN_EMPTY_BODY = YES;
				CLANG_WARN_ENUM_CONVERSION = YES;
				CLANG_WARN_INT_CONVERSION = YES;
				CLANG_WARN__DUPLICATE_METHOD_MATCH = YES;
				"CODE_SIGN_IDENTITY[sdk=iphoneos*]" = "iPhone Developer";
				COPY_PHASE_STRIP = NO;
				GCC_C_LANGUAGE_STANDARD = gnu99;
				GCC_DYNAMIC_NO_PIC = NO;
				GCC_OPTIMIZATION_LEVEL = 0;
				GCC_PREPROCESSOR_DEFINITIONS = (
					"DEBUG=1",
					"$(inherited)",
				);
				GCC_SYMBOLS_PRIVATE_EXTERN = NO;
				GCC_WARN_ABOUT_RETURN_TYPE = YES;
				GCC_WARN_UNINITIALIZED_AUTOS = YES;
				GCC_WARN_UNUSED_VARIABLE = YES;
				IPHONEOS_DEPLOYMENT_TARGET = 6.1;
				ONLY_ACTIVE_ARCH = YES;
				SDKROOT = iphoneos;
			};
			name = Debug;
		};
		730AD14C175FE2A500E17FB5 /* Release */ = {
			isa = XCBuildConfiguration;
			buildSettings = {
				ALWAYS_SEARCH_USER_PATHS = NO;
				CLANG_CXX_LANGUAGE_STANDARD = "gnu++0x";
				CLANG_CXX_LIBRARY = "libc++";
				CLANG_ENABLE_OBJC_ARC = YES;
				CLANG_WARN_CONSTANT_CONVERSION = YES;
				CLANG_WARN_EMPTY_BODY = YES;
				CLANG_WARN_ENUM_CONVERSION = YES;
				CLANG_WARN_INT_CONVERSION = YES;
				CLANG_WARN__DUPLICATE_METHOD_MATCH = YES;
				"CODE_SIGN_IDENTITY[sdk=iphoneos*]" = "iPhone Developer";
				COPY_PHASE_STRIP = YES;
				GCC_C_LANGUAGE_STANDARD = gnu99;
				GCC_WARN_ABOUT_RETURN_TYPE = YES;
				GCC_WARN_UNINITIALIZED_AUTOS = YES;
				GCC_WARN_UNUSED_VARIABLE = YES;
				IPHONEOS_DEPLOYMENT_TARGET = 6.1;
				OTHER_CFLAGS = "-DNS_BLOCK_ASSERTIONS=1";
				SDKROOT = iphoneos;
				VALIDATE_PRODUCT = YES;
			};
			name = Release;
		};
		730AD14E175FE2A500E17FB5 /* Debug */ = {
			isa = XCBuildConfiguration;
			buildSettings = {
				GCC_PRECOMPILE_PREFIX_HEADER = YES;
				GCC_PREFIX_HEADER = "LiveMobileSDK_TestClient/LiveMobileSDK_TestClient-Prefix.pch";
				INFOPLIST_FILE = "LiveMobileSDK_TestClient/LiveMobileSDK_TestClient-Info.plist";
				LIBRARY_SEARCH_PATHS = (
					"$(inherited)",
					"\"$(SRCROOT)\"",
					"\"$(SRCROOT)/../../Xcode/LiveMobileSDK_TestClient/LiveMobileSDK\"",
				);
				PRODUCT_NAME = "$(TARGET_NAME)";
				WRAPPER_EXTENSION = app;
			};
			name = Debug;
		};
		730AD14F175FE2A500E17FB5 /* Release */ = {
			isa = XCBuildConfiguration;
			buildSettings = {
				GCC_PRECOMPILE_PREFIX_HEADER = YES;
				GCC_PREFIX_HEADER = "LiveMobileSDK_TestClient/LiveMobileSDK_TestClient-Prefix.pch";
				INFOPLIST_FILE = "LiveMobileSDK_TestClient/LiveMobileSDK_TestClient-Info.plist";
				LIBRARY_SEARCH_PATHS = (
					"$(inherited)",
					"\"$(SRCROOT)\"",
					"\"$(SRCROOT)/../../Xcode/LiveMobileSDK_TestClient/LiveMobileSDK\"",
				);
				PRODUCT_NAME = "$(TARGET_NAME)";
				WRAPPER_EXTENSION = app;
			};
			name = Release;
		};
/* End XCBuildConfiguration section */

/* Begin XCConfigurationList section */
		730AD125175FE2A500E17FB5 /* Build configuration list for PBXProject "LiveMobileSDK_TestClient" */ = {
			isa = XCConfigurationList;
			buildConfigurations = (
				730AD14B175FE2A500E17FB5 /* Debug */,
				730AD14C175FE2A500E17FB5 /* Release */,
			);
			defaultConfigurationIsVisible = 0;
			defaultConfigurationName = Release;
		};
		730AD14D175FE2A500E17FB5 /* Build configuration list for PBXNativeTarget "LiveMobileSDK_TestClient" */ = {
			isa = XCConfigurationList;
			buildConfigurations = (
				730AD14E175FE2A500E17FB5 /* Debug */,
				730AD14F175FE2A500E17FB5 /* Release */,
			);
			defaultConfigurationIsVisible = 0;
		};
/* End XCConfigurationList section */
	};
	rootObject = 730AD122175FE2A500E17FB5 /* Project object */;
}
